// !$*UTF8*$!
{
	archiveVersion = 1;
	classes = {
	};
	objectVersion = 56;
	objects = {

/* Begin PBXBuildFile section */
		BF051C27291293A100208731 /* AppDelegate.swift in Sources */ = {isa = PBXBuildFile; fileRef = BF051C26291293A100208731 /* AppDelegate.swift */; };
		BF051C29291293A100208731 /* SceneDelegate.swift in Sources */ = {isa = PBXBuildFile; fileRef = BF051C28291293A100208731 /* SceneDelegate.swift */; };
		BF051C2B291293A100208731 /* ViewController.swift in Sources */ = {isa = PBXBuildFile; fileRef = BF051C2A291293A100208731 /* ViewController.swift */; };
		BF051C2E291293A100208731 /* Main.storyboard in Resources */ = {isa = PBXBuildFile; fileRef = BF051C2C291293A100208731 /* Main.storyboard */; };
		BF051C30291293A200208731 /* Assets.xcassets in Resources */ = {isa = PBXBuildFile; fileRef = BF051C2F291293A200208731 /* Assets.xcassets */; };
		BF051C33291293A200208731 /* LaunchScreen.storyboard in Resources */ = {isa = PBXBuildFile; fileRef = BF051C31291293A200208731 /* LaunchScreen.storyboard */; };
		BF051C3E291293A200208731 /* Sprint03Task01Tests.swift in Sources */ = {isa = PBXBuildFile; fileRef = BF051C3D291293A200208731 /* Sprint03Task01Tests.swift */; };
		BF051C48291293A200208731 /* Sprint03Task01UITests.swift in Sources */ = {isa = PBXBuildFile; fileRef = BF051C47291293A200208731 /* Sprint03Task01UITests.swift */; };
		BF051C4A291293A200208731 /* Sprint03Task01UITestsLaunchTests.swift in Sources */ = {isa = PBXBuildFile; fileRef = BF051C49291293A200208731 /* Sprint03Task01UITestsLaunchTests.swift */; };
/* End PBXBuildFile section */

/* Begin PBXContainerItemProxy section */
		BF051C3A291293A200208731 /* PBXContainerItemProxy */ = {
			isa = PBXContainerItemProxy;
			containerPortal = BF051C1B291293A100208731 /* Project object */;
			proxyType = 1;
			remoteGlobalIDString = BF051C22291293A100208731;
			remoteInfo = Sprint03Task01;
		};
		BF051C44291293A200208731 /* PBXContainerItemProxy */ = {
			isa = PBXContainerItemProxy;
			containerPortal = BF051C1B291293A100208731 /* Project object */;
			proxyType = 1;
			remoteGlobalIDString = BF051C22291293A100208731;
			remoteInfo = Sprint03Task01;
		};
/* End PBXContainerItemProxy section */

/* Begin PBXFileReference section */
		BF051C23291293A100208731 /* Sprint03Task01.app */ = {isa = PBXFileReference; explicitFileType = wrapper.application; includeInIndex = 0; path = Sprint03Task01.app; sourceTree = BUILT_PRODUCTS_DIR; };
		BF051C26291293A100208731 /* AppDelegate.swift */ = {isa = PBXFileReference; lastKnownFileType = sourcecode.swift; path = AppDelegate.swift; sourceTree = "<group>"; };
		BF051C28291293A100208731 /* SceneDelegate.swift */ = {isa = PBXFileReference; lastKnownFileType = sourcecode.swift; path = SceneDelegate.swift; sourceTree = "<group>"; };
		BF051C2A291293A100208731 /* ViewController.swift */ = {isa = PBXFileReference; lastKnownFileType = sourcecode.swift; path = ViewController.swift; sourceTree = "<group>"; };
		BF051C2D291293A100208731 /* Base */ = {isa = PBXFileReference; lastKnownFileType = file.storyboard; name = Base; path = Base.lproj/Main.storyboard; sourceTree = "<group>"; };
		BF051C2F291293A200208731 /* Assets.xcassets */ = {isa = PBXFileReference; lastKnownFileType = folder.assetcatalog; path = Assets.xcassets; sourceTree = "<group>"; };
		BF051C32291293A200208731 /* Base */ = {isa = PBXFileReference; lastKnownFileType = file.storyboard; name = Base; path = Base.lproj/LaunchScreen.storyboard; sourceTree = "<group>"; };
		BF051C34291293A200208731 /* Info.plist */ = {isa = PBXFileReference; lastKnownFileType = text.plist.xml; path = Info.plist; sourceTree = "<group>"; };
		BF051C39291293A200208731 /* Sprint03Task01Tests.xctest */ = {isa = PBXFileReference; explicitFileType = wrapper.cfbundle; includeInIndex = 0; path = Sprint03Task01Tests.xctest; sourceTree = BUILT_PRODUCTS_DIR; };
		BF051C3D291293A200208731 /* Sprint03Task01Tests.swift */ = {isa = PBXFileReference; lastKnownFileType = sourcecode.swift; path = Sprint03Task01Tests.swift; sourceTree = "<group>"; };
		BF051C43291293A200208731 /* Sprint03Task01UITests.xctest */ = {isa = PBXFileReference; explicitFileType = wrapper.cfbundle; includeInIndex = 0; path = Sprint03Task01UITests.xctest; sourceTree = BUILT_PRODUCTS_DIR; };
		BF051C47291293A200208731 /* Sprint03Task01UITests.swift */ = {isa = PBXFileReference; lastKnownFileType = sourcecode.swift; path = Sprint03Task01UITests.swift; sourceTree = "<group>"; };
		BF051C49291293A200208731 /* Sprint03Task01UITestsLaunchTests.swift */ = {isa = PBXFileReference; lastKnownFileType = sourcecode.swift; path = Sprint03Task01UITestsLaunchTests.swift; sourceTree = "<group>"; };
/* End PBXFileReference section */

/* Begin PBXFrameworksBuildPhase section */
		BF051C20291293A100208731 /* Frameworks */ = {
			isa = PBXFrameworksBuildPhase;
			buildActionMask = 2147483647;
			files = (
			);
			runOnlyForDeploymentPostprocessing = 0;
		};
		BF051C36291293A200208731 /* Frameworks */ = {
			isa = PBXFrameworksBuildPhase;
			buildActionMask = 2147483647;
			files = (
			);
			runOnlyForDeploymentPostprocessing = 0;
		};
		BF051C40291293A200208731 /* Frameworks */ = {
			isa = PBXFrameworksBuildPhase;
			buildActionMask = 2147483647;
			files = (
			);
			runOnlyForDeploymentPostprocessing = 0;
		};
/* End PBXFrameworksBuildPhase section */

/* Begin PBXGroup section */
		BF051C1A291293A100208731 = {
			isa = PBXGroup;
			children = (
				BF051C25291293A100208731 /* Sprint03Task01 */,
				BF051C3C291293A200208731 /* Sprint03Task01Tests */,
				BF051C46291293A200208731 /* Sprint03Task01UITests */,
				BF051C24291293A100208731 /* Products */,
			);
			sourceTree = "<group>";
		};
		BF051C24291293A100208731 /* Products */ = {
			isa = PBXGroup;
			children = (
				BF051C23291293A100208731 /* Sprint03Task01.app */,
				BF051C39291293A200208731 /* Sprint03Task01Tests.xctest */,
				BF051C43291293A200208731 /* Sprint03Task01UITests.xctest */,
			);
			name = Products;
			sourceTree = "<group>";
		};
		BF051C25291293A100208731 /* Sprint03Task01 */ = {
			isa = PBXGroup;
			children = (
				BF051C26291293A100208731 /* AppDelegate.swift */,
				BF051C28291293A100208731 /* SceneDelegate.swift */,
				BF051C2A291293A100208731 /* ViewController.swift */,
				BF051C2C291293A100208731 /* Main.storyboard */,
				BF051C2F291293A200208731 /* Assets.xcassets */,
				BF051C31291293A200208731 /* LaunchScreen.storyboard */,
				BF051C34291293A200208731 /* Info.plist */,
			);
			path = Sprint03Task01;
			sourceTree = "<group>";
		};
		BF051C3C291293A200208731 /* Sprint03Task01Tests */ = {
			isa = PBXGroup;
			children = (
				BF051C3D291293A200208731 /* Sprint03Task01Tests.swift */,
			);
			path = Sprint03Task01Tests;
			sourceTree = "<group>";
		};
		BF051C46291293A200208731 /* Sprint03Task01UITests */ = {
			isa = PBXGroup;
			children = (
				BF051C47291293A200208731 /* Sprint03Task01UITests.swift */,
				BF051C49291293A200208731 /* Sprint03Task01UITestsLaunchTests.swift */,
			);
			path = Sprint03Task01UITests;
			sourceTree = "<group>";
		};
/* End PBXGroup section */

/* Begin PBXNativeTarget section */
		BF051C22291293A100208731 /* Sprint03Task01 */ = {
			isa = PBXNativeTarget;
			buildConfigurationList = BF051C4D291293A200208731 /* Build configuration list for PBXNativeTarget "Sprint03Task01" */;
			buildPhases = (
				BF051C1F291293A100208731 /* Sources */,
				BF051C20291293A100208731 /* Frameworks */,
				BF051C21291293A100208731 /* Resources */,
			);
			buildRules = (
			);
			dependencies = (
			);
			name = Sprint03Task01;
			productName = Sprint03Task01;
			productReference = BF051C23291293A100208731 /* Sprint03Task01.app */;
			productType = "com.apple.product-type.application";
		};
		BF051C38291293A200208731 /* Sprint03Task01Tests */ = {
			isa = PBXNativeTarget;
			buildConfigurationList = BF051C50291293A200208731 /* Build configuration list for PBXNativeTarget "Sprint03Task01Tests" */;
			buildPhases = (
				BF051C35291293A200208731 /* Sources */,
				BF051C36291293A200208731 /* Frameworks */,
				BF051C37291293A200208731 /* Resources */,
			);
			buildRules = (
			);
			dependencies = (
				BF051C3B291293A200208731 /* PBXTargetDependency */,
			);
			name = Sprint03Task01Tests;
			productName = Sprint03Task01Tests;
			productReference = BF051C39291293A200208731 /* Sprint03Task01Tests.xctest */;
			productType = "com.apple.product-type.bundle.unit-test";
		};
		BF051C42291293A200208731 /* Sprint03Task01UITests */ = {
			isa = PBXNativeTarget;
			buildConfigurationList = BF051C53291293A200208731 /* Build configuration list for PBXNativeTarget "Sprint03Task01UITests" */;
			buildPhases = (
				BF051C3F291293A200208731 /* Sources */,
				BF051C40291293A200208731 /* Frameworks */,
				BF051C41291293A200208731 /* Resources */,
			);
			buildRules = (
			);
			dependencies = (
				BF051C45291293A200208731 /* PBXTargetDependency */,
			);
			name = Sprint03Task01UITests;
			productName = Sprint03Task01UITests;
			productReference = BF051C43291293A200208731 /* Sprint03Task01UITests.xctest */;
			productType = "com.apple.product-type.bundle.ui-testing";
		};
/* End PBXNativeTarget section */

/* Begin PBXProject section */
		BF051C1B291293A100208731 /* Project object */ = {
			isa = PBXProject;
			attributes = {
				BuildIndependentTargetsInParallel = 1;
				LastSwiftUpdateCheck = 1410;
				LastUpgradeCheck = 1410;
				TargetAttributes = {
					BF051C22291293A100208731 = {
						CreatedOnToolsVersion = 14.1;
					};
					BF051C38291293A200208731 = {
						CreatedOnToolsVersion = 14.1;
						TestTargetID = BF051C22291293A100208731;
					};
					BF051C42291293A200208731 = {
						CreatedOnToolsVersion = 14.1;
						TestTargetID = BF051C22291293A100208731;
					};
				};
			};
			buildConfigurationList = BF051C1E291293A100208731 /* Build configuration list for PBXProject "Sprint03Task01" */;
			compatibilityVersion = "Xcode 14.0";
			developmentRegion = en;
			hasScannedForEncodings = 0;
			knownRegions = (
				en,
				Base,
			);
			mainGroup = BF051C1A291293A100208731;
			productRefGroup = BF051C24291293A100208731 /* Products */;
			projectDirPath = "";
			projectRoot = "";
			targets = (
				BF051C22291293A100208731 /* Sprint03Task01 */,
				BF051C38291293A200208731 /* Sprint03Task01Tests */,
				BF051C42291293A200208731 /* Sprint03Task01UITests */,
			);
		};
/* End PBXProject section */

/* Begin PBXResourcesBuildPhase section */
		BF051C21291293A100208731 /* Resources */ = {
			isa = PBXResourcesBuildPhase;
			buildActionMask = 2147483647;
			files = (
				BF051C33291293A200208731 /* LaunchScreen.storyboard in Resources */,
				BF051C30291293A200208731 /* Assets.xcassets in Resources */,
				BF051C2E291293A100208731 /* Main.storyboard in Resources */,
			);
			runOnlyForDeploymentPostprocessing = 0;
		};
		BF051C37291293A200208731 /* Resources */ = {
			isa = PBXResourcesBuildPhase;
			buildActionMask = 2147483647;
			files = (
			);
			runOnlyForDeploymentPostprocessing = 0;
		};
		BF051C41291293A200208731 /* Resources */ = {
			isa = PBXResourcesBuildPhase;
			buildActionMask = 2147483647;
			files = (
			);
			runOnlyForDeploymentPostprocessing = 0;
		};
/* End PBXResourcesBuildPhase section */

/* Begin PBXSourcesBuildPhase section */
		BF051C1F291293A100208731 /* Sources */ = {
			isa = PBXSourcesBuildPhase;
			buildActionMask = 2147483647;
			files = (
				BF051C2B291293A100208731 /* ViewController.swift in Sources */,
				BF051C27291293A100208731 /* AppDelegate.swift in Sources */,
				BF051C29291293A100208731 /* SceneDelegate.swift in Sources */,
			);
			runOnlyForDeploymentPostprocessing = 0;
		};
		BF051C35291293A200208731 /* Sources */ = {
			isa = PBXSourcesBuildPhase;
			buildActionMask = 2147483647;
			files = (
				BF051C3E291293A200208731 /* Sprint03Task01Tests.swift in Sources */,
			);
			runOnlyForDeploymentPostprocessing = 0;
		};
		BF051C3F291293A200208731 /* Sources */ = {
			isa = PBXSourcesBuildPhase;
			buildActionMask = 2147483647;
			files = (
				BF051C48291293A200208731 /* Sprint03Task01UITests.swift in Sources */,
				BF051C4A291293A200208731 /* Sprint03Task01UITestsLaunchTests.swift in Sources */,
			);
			runOnlyForDeploymentPostprocessing = 0;
		};
/* End PBXSourcesBuildPhase section */

/* Begin PBXTargetDependency section */
		BF051C3B291293A200208731 /* PBXTargetDependency */ = {
			isa = PBXTargetDependency;
			target = BF051C22291293A100208731 /* Sprint03Task01 */;
			targetProxy = BF051C3A291293A200208731 /* PBXContainerItemProxy */;
		};
		BF051C45291293A200208731 /* PBXTargetDependency */ = {
			isa = PBXTargetDependency;
			target = BF051C22291293A100208731 /* Sprint03Task01 */;
			targetProxy = BF051C44291293A200208731 /* PBXContainerItemProxy */;
		};
/* End PBXTargetDependency section */

/* Begin PBXVariantGroup section */
		BF051C2C291293A100208731 /* Main.storyboard */ = {
			isa = PBXVariantGroup;
			children = (
				BF051C2D291293A100208731 /* Base */,
			);
			name = Main.storyboard;
			sourceTree = "<group>";
		};
		BF051C31291293A200208731 /* LaunchScreen.storyboard */ = {
			isa = PBXVariantGroup;
			children = (
				BF051C32291293A200208731 /* Base */,
			);
			name = LaunchScreen.storyboard;
			sourceTree = "<group>";
		};
/* End PBXVariantGroup section */

/* Begin XCBuildConfiguration section */
		BF051C4B291293A200208731 /* Debug */ = {
			isa = XCBuildConfiguration;
			buildSettings = {
				ALWAYS_SEARCH_USER_PATHS = NO;
				CLANG_ANALYZER_NONNULL = YES;
				CLANG_ANALYZER_NUMBER_OBJECT_CONVERSION = YES_AGGRESSIVE;
				CLANG_CXX_LANGUAGE_STANDARD = "gnu++20";
				CLANG_ENABLE_MODULES = YES;
				CLANG_ENABLE_OBJC_ARC = YES;
				CLANG_ENABLE_OBJC_WEAK = YES;
				CLANG_WARN_BLOCK_CAPTURE_AUTORELEASING = YES;
				CLANG_WARN_BOOL_CONVERSION = YES;
				CLANG_WARN_COMMA = YES;
				CLANG_WARN_CONSTANT_CONVERSION = YES;
				CLANG_WARN_DEPRECATED_OBJC_IMPLEMENTATIONS = YES;
				CLANG_WARN_DIRECT_OBJC_ISA_USAGE = YES_ERROR;
				CLANG_WARN_DOCUMENTATION_COMMENTS = YES;
				CLANG_WARN_EMPTY_BODY = YES;
				CLANG_WARN_ENUM_CONVERSION = YES;
				CLANG_WARN_INFINITE_RECURSION = YES;
				CLANG_WARN_INT_CONVERSION = YES;
				CLANG_WARN_NON_LITERAL_NULL_CONVERSION = YES;
				CLANG_WARN_OBJC_IMPLICIT_RETAIN_SELF = YES;
				CLANG_WARN_OBJC_LITERAL_CONVERSION = YES;
				CLANG_WARN_OBJC_ROOT_CLASS = YES_ERROR;
				CLANG_WARN_QUOTED_INCLUDE_IN_FRAMEWORK_HEADER = YES;
				CLANG_WARN_RANGE_LOOP_ANALYSIS = YES;
				CLANG_WARN_STRICT_PROTOTYPES = YES;
				CLANG_WARN_SUSPICIOUS_MOVE = YES;
				CLANG_WARN_UNGUARDED_AVAILABILITY = YES_AGGRESSIVE;
				CLANG_WARN_UNREACHABLE_CODE = YES;
				CLANG_WARN__DUPLICATE_METHOD_MATCH = YES;
				COPY_PHASE_STRIP = NO;
				DEBUG_INFORMATION_FORMAT = dwarf;
				ENABLE_STRICT_OBJC_MSGSEND = YES;
				ENABLE_TESTABILITY = YES;
				GCC_C_LANGUAGE_STANDARD = gnu11;
				GCC_DYNAMIC_NO_PIC = NO;
				GCC_NO_COMMON_BLOCKS = YES;
				GCC_OPTIMIZATION_LEVEL = 0;
				GCC_PREPROCESSOR_DEFINITIONS = (
					"DEBUG=1",
					"$(inherited)",
				);
				GCC_WARN_64_TO_32_BIT_CONVERSION = YES;
				GCC_WARN_ABOUT_RETURN_TYPE = YES_ERROR;
				GCC_WARN_UNDECLARED_SELECTOR = YES;
				GCC_WARN_UNINITIALIZED_AUTOS = YES_AGGRESSIVE;
				GCC_WARN_UNUSED_FUNCTION = YES;
				GCC_WARN_UNUSED_VARIABLE = YES;
				IPHONEOS_DEPLOYMENT_TARGET = 16.1;
				MTL_ENABLE_DEBUG_INFO = INCLUDE_SOURCE;
				MTL_FAST_MATH = YES;
				ONLY_ACTIVE_ARCH = YES;
				SDKROOT = iphoneos;
				SWIFT_ACTIVE_COMPILATION_CONDITIONS = DEBUG;
				SWIFT_OPTIMIZATION_LEVEL = "-Onone";
			};
			name = Debug;
		};
		BF051C4C291293A200208731 /* Release */ = {
			isa = XCBuildConfiguration;
			buildSettings = {
				ALWAYS_SEARCH_USER_PATHS = NO;
				CLANG_ANALYZER_NONNULL = YES;
				CLANG_ANALYZER_NUMBER_OBJECT_CONVERSION = YES_AGGRESSIVE;
				CLANG_CXX_LANGUAGE_STANDARD = "gnu++20";
				CLANG_ENABLE_MODULES = YES;
				CLANG_ENABLE_OBJC_ARC = YES;
				CLANG_ENABLE_OBJC_WEAK = YES;
				CLANG_WARN_BLOCK_CAPTURE_AUTORELEASING = YES;
				CLANG_WARN_BOOL_CONVERSION = YES;
				CLANG_WARN_COMMA = YES;
				CLANG_WARN_CONSTANT_CONVERSION = YES;
				CLANG_WARN_DEPRECATED_OBJC_IMPLEMENTATIONS = YES;
				CLANG_WARN_DIRECT_OBJC_ISA_USAGE = YES_ERROR;
				CLANG_WARN_DOCUMENTATION_COMMENTS = YES;
				CLANG_WARN_EMPTY_BODY = YES;
				CLANG_WARN_ENUM_CONVERSION = YES;
				CLANG_WARN_INFINITE_RECURSION = YES;
				CLANG_WARN_INT_CONVERSION = YES;
				CLANG_WARN_NON_LITERAL_NULL_CONVERSION = YES;
				CLANG_WARN_OBJC_IMPLICIT_RETAIN_SELF = YES;
				CLANG_WARN_OBJC_LITERAL_CONVERSION = YES;
				CLANG_WARN_OBJC_ROOT_CLASS = YES_ERROR;
				CLANG_WARN_QUOTED_INCLUDE_IN_FRAMEWORK_HEADER = YES;
				CLANG_WARN_RANGE_LOOP_ANALYSIS = YES;
				CLANG_WARN_STRICT_PROTOTYPES = YES;
				CLANG_WARN_SUSPICIOUS_MOVE = YES;
				CLANG_WARN_UNGUARDED_AVAILABILITY = YES_AGGRESSIVE;
				CLANG_WARN_UNREACHABLE_CODE = YES;
				CLANG_WARN__DUPLICATE_METHOD_MATCH = YES;
				COPY_PHASE_STRIP = NO;
				DEBUG_INFORMATION_FORMAT = "dwarf-with-dsym";
				ENABLE_NS_ASSERTIONS = NO;
				ENABLE_STRICT_OBJC_MSGSEND = YES;
				GCC_C_LANGUAGE_STANDARD = gnu11;
				GCC_NO_COMMON_BLOCKS = YES;
				GCC_WARN_64_TO_32_BIT_CONVERSION = YES;
				GCC_WARN_ABOUT_RETURN_TYPE = YES_ERROR;
				GCC_WARN_UNDECLARED_SELECTOR = YES;
				GCC_WARN_UNINITIALIZED_AUTOS = YES_AGGRESSIVE;
				GCC_WARN_UNUSED_FUNCTION = YES;
				GCC_WARN_UNUSED_VARIABLE = YES;
				IPHONEOS_DEPLOYMENT_TARGET = 16.1;
				MTL_ENABLE_DEBUG_INFO = NO;
				MTL_FAST_MATH = YES;
				SDKROOT = iphoneos;
				SWIFT_COMPILATION_MODE = wholemodule;
				SWIFT_OPTIMIZATION_LEVEL = "-O";
				VALIDATE_PRODUCT = YES;
			};
			name = Release;
		};
		BF051C4E291293A200208731 /* Debug */ = {
			isa = XCBuildConfiguration;
			buildSettings = {
				ASSETCATALOG_COMPILER_APPICON_NAME = AppIcon;
				ASSETCATALOG_COMPILER_GLOBAL_ACCENT_COLOR_NAME = AccentColor;
				CODE_SIGN_STYLE = Automatic;
				CURRENT_PROJECT_VERSION = 1;
				DEVELOPMENT_TEAM = L3YSM8C354;
				GENERATE_INFOPLIST_FILE = YES;
				INFOPLIST_FILE = Sprint03Task01/Info.plist;
				INFOPLIST_KEY_UIApplicationSupportsIndirectInputEvents = YES;
				INFOPLIST_KEY_UILaunchStoryboardName = LaunchScreen;
				INFOPLIST_KEY_UIMainStoryboardFile = Main;
				INFOPLIST_KEY_UISupportedInterfaceOrientations_iPad = "UIInterfaceOrientationPortrait UIInterfaceOrientationPortraitUpsideDown UIInterfaceOrientationLandscapeLeft UIInterfaceOrientationLandscapeRight";
				INFOPLIST_KEY_UISupportedInterfaceOrientations_iPhone = "UIInterfaceOrientationPortrait UIInterfaceOrientationLandscapeLeft UIInterfaceOrientationLandscapeRight";
				LD_RUNPATH_SEARCH_PATHS = (
					"$(inherited)",
					"@executable_path/Frameworks",
				);
				MARKETING_VERSION = 1.0;
				PRODUCT_BUNDLE_IDENTIFIER = DenisBeliakovApp.Sprint03Task01;
				PRODUCT_NAME = "$(TARGET_NAME)";
				SWIFT_EMIT_LOC_STRINGS = YES;
				SWIFT_VERSION = 5.0;
				TARGETED_DEVICE_FAMILY = "1,2";
			};
			name = Debug;
		};
		BF051C4F291293A200208731 /* Release */ = {
			isa = XCBuildConfiguration;
			buildSettings = {
				ASSETCATALOG_COMPILER_APPICON_NAME = AppIcon;
				ASSETCATALOG_COMPILER_GLOBAL_ACCENT_COLOR_NAME = AccentColor;
				CODE_SIGN_STYLE = Automatic;
				CURRENT_PROJECT_VERSION = 1;
				DEVELOPMENT_TEAM = L3YSM8C354;
				GENERATE_INFOPLIST_FILE = YES;
				INFOPLIST_FILE = Sprint03Task01/Info.plist;
				INFOPLIST_KEY_UIApplicationSupportsIndirectInputEvents = YES;
				INFOPLIST_KEY_UILaunchStoryboardName = LaunchScreen;
				INFOPLIST_KEY_UIMainStoryboardFile = Main;
				INFOPLIST_KEY_UISupportedInterfaceOrientations_iPad = "UIInterfaceOrientationPortrait UIInterfaceOrientationPortraitUpsideDown UIInterfaceOrientationLandscapeLeft UIInterfaceOrientationLandscapeRight";
				INFOPLIST_KEY_UISupportedInterfaceOrientations_iPhone = "UIInterfaceOrientationPortrait UIInterfaceOrientationLandscapeLeft UIInterfaceOrientationLandscapeRight";
				LD_RUNPATH_SEARCH_PATHS = (
					"$(inherited)",
					"@executable_path/Frameworks",
				);
				MARKETING_VERSION = 1.0;
				PRODUCT_BUNDLE_IDENTIFIER = DenisBeliakovApp.Sprint03Task01;
				PRODUCT_NAME = "$(TARGET_NAME)";
				SWIFT_EMIT_LOC_STRINGS = YES;
				SWIFT_VERSION = 5.0;
				TARGETED_DEVICE_FAMILY = "1,2";
			};
			name = Release;
		};
		BF051C51291293A200208731 /* Debug */ = {
			isa = XCBuildConfiguration;
			buildSettings = {
				ALWAYS_EMBED_SWIFT_STANDARD_LIBRARIES = YES;
				BUNDLE_LOADER = "$(TEST_HOST)";
				CODE_SIGN_STYLE = Automatic;
				CURRENT_PROJECT_VERSION = 1;
				DEVELOPMENT_TEAM = L3YSM8C354;
				GENERATE_INFOPLIST_FILE = YES;
				IPHONEOS_DEPLOYMENT_TARGET = 16.1;
				MARKETING_VERSION = 1.0;
				PRODUCT_BUNDLE_IDENTIFIER = DenisBeliakovApp.Sprint03Task01Tests;
				PRODUCT_NAME = "$(TARGET_NAME)";
				SWIFT_EMIT_LOC_STRINGS = NO;
				SWIFT_VERSION = 5.0;
				TARGETED_DEVICE_FAMILY = "1,2";
				TEST_HOST = "$(BUILT_PRODUCTS_DIR)/Sprint03Task01.app/$(BUNDLE_EXECUTABLE_FOLDER_PATH)/Sprint03Task01";
			};
			name = Debug;
		};
		BF051C52291293A200208731 /* Release */ = {
			isa = XCBuildConfiguration;
			buildSettings = {
				ALWAYS_EMBED_SWIFT_STANDARD_LIBRARIES = YES;
				BUNDLE_LOADER = "$(TEST_HOST)";
				CODE_SIGN_STYLE = Automatic;
				CURRENT_PROJECT_VERSION = 1;
				DEVELOPMENT_TEAM = L3YSM8C354;
				GENERATE_INFOPLIST_FILE = YES;
				IPHONEOS_DEPLOYMENT_TARGET = 16.1;
				MARKETING_VERSION = 1.0;
				PRODUCT_BUNDLE_IDENTIFIER = DenisBeliakovApp.Sprint03Task01Tests;
				PRODUCT_NAME = "$(TARGET_NAME)";
				SWIFT_EMIT_LOC_STRINGS = NO;
				SWIFT_VERSION = 5.0;
				TARGETED_DEVICE_FAMILY = "1,2";
				TEST_HOST = "$(BUILT_PRODUCTS_DIR)/Sprint03Task01.app/$(BUNDLE_EXECUTABLE_FOLDER_PATH)/Sprint03Task01";
			};
			name = Release;
		};
		BF051C54291293A200208731 /* Debug */ = {
			isa = XCBuildConfiguration;
			buildSettings = {
				ALWAYS_EMBED_SWIFT_STANDARD_LIBRARIES = YES;
				CODE_SIGN_STYLE = Automatic;
				CURRENT_PROJECT_VERSION = 1;
				DEVELOPMENT_TEAM = L3YSM8C354;
				GENERATE_INFOPLIST_FILE = YES;
				MARKETING_VERSION = 1.0;
				PRODUCT_BUNDLE_IDENTIFIER = DenisBeliakovApp.Sprint03Task01UITests;
				PRODUCT_NAME = "$(TARGET_NAME)";
				SWIFT_EMIT_LOC_STRINGS = NO;
				SWIFT_VERSION = 5.0;
				TARGETED_DEVICE_FAMILY = "1,2";
				TEST_TARGET_NAME = Sprint03Task01;
			};
			name = Debug;
		};
		BF051C55291293A200208731 /* Release */ = {
			isa = XCBuildConfiguration;
			buildSettings = {
				ALWAYS_EMBED_SWIFT_STANDARD_LIBRARIES = YES;
				CODE_SIGN_STYLE = Automatic;
				CURRENT_PROJECT_VERSION = 1;
				DEVELOPMENT_TEAM = L3YSM8C354;
				GENERATE_INFOPLIST_FILE = YES;
				MARKETING_VERSION = 1.0;
				PRODUCT_BUNDLE_IDENTIFIER = DenisBeliakovApp.Sprint03Task01UITests;
				PRODUCT_NAME = "$(TARGET_NAME)";
				SWIFT_EMIT_LOC_STRINGS = NO;
				SWIFT_VERSION = 5.0;
				TARGETED_DEVICE_FAMILY = "1,2";
				TEST_TARGET_NAME = Sprint03Task01;
			};
			name = Release;
		};
/* End XCBuildConfiguration section */

/* Begin XCConfigurationList section */
		BF051C1E291293A100208731 /* Build configuration list for PBXProject "Sprint03Task01" */ = {
			isa = XCConfigurationList;
			buildConfigurations = (
				BF051C4B291293A200208731 /* Debug */,
				BF051C4C291293A200208731 /* Release */,
			);
			defaultConfigurationIsVisible = 0;
			defaultConfigurationName = Release;
		};
		BF051C4D291293A200208731 /* Build configuration list for PBXNativeTarget "Sprint03Task01" */ = {
			isa = XCConfigurationList;
			buildConfigurations = (
				BF051C4E291293A200208731 /* Debug */,
				BF051C4F291293A200208731 /* Release */,
			);
			defaultConfigurationIsVisible = 0;
			defaultConfigurationName = Release;
		};
		BF051C50291293A200208731 /* Build configuration list for PBXNativeTarget "Sprint03Task01Tests" */ = {
			isa = XCConfigurationList;
			buildConfigurations = (
				BF051C51291293A200208731 /* Debug */,
				BF051C52291293A200208731 /* Release */,
			);
			defaultConfigurationIsVisible = 0;
			defaultConfigurationName = Release;
		};
		BF051C53291293A200208731 /* Build configuration list for PBXNativeTarget "Sprint03Task01UITests" */ = {
			isa = XCConfigurationList;
			buildConfigurations = (
				BF051C54291293A200208731 /* Debug */,
				BF051C55291293A200208731 /* Release */,
			);
			defaultConfigurationIsVisible = 0;
			defaultConfigurationName = Release;
		};
/* End XCConfigurationList section */
	};
	rootObject = BF051C1B291293A100208731 /* Project object */;
}
